
Microsoft Visual Studio Solution File, Format Version 12.00
# Visual Studio Version 17
VisualStudioVersion = 17.0.31903.59
MinimumVisualStudioVersion = 10.0.40219.1
Project("{FAE04EC0-301F-11D3-BF4B-00C04F79EFBC}") = "ONEERP.Shared", "ONEERP.Shared\ONEERP.Shared.csproj", "{C5CB40B3-64C7-438F-975F-EADDB6A0FF66}"
EndProject
Project("{FAE04EC0-301F-11D3-BF4B-00C04F79EFBC}") = "ONEERP.Platform.API", "ONEERP.Platform.API\ONEERP.Platform.API.csproj", "{3858FAC2-055F-4F30-BDF5-79F8AA96323F}"
EndProject
Global
	GlobalSection(SolutionConfigurationPlatforms) = preSolution
		Debug|Any CPU = Debug|Any CPU
		Debug|x64 = Debug|x64
		Debug|x86 = Debug|x86
		Release|Any CPU = Release|Any CPU
		Release|x64 = Release|x64
		Release|x86 = Release|x86
	EndGlobalSection
	GlobalSection(ProjectConfigurationPlatforms) = postSolution
		{C5CB40B3-64C7-438F-975F-EADDB6A0FF66}.Debug|Any CPU.ActiveCfg = Debug|Any CPU
		{C5CB40B3-64C7-438F-975F-EADDB6A0FF66}.Debug|Any CPU.Build.0 = Debug|Any CPU
		{C5CB40B3-64C7-438F-975F-EADDB6A0FF66}.Debug|x64.ActiveCfg = Debug|Any CPU
		{C5CB40B3-64C7-438F-975F-EADDB6A0FF66}.Debug|x64.Build.0 = Debug|Any CPU
		{C5CB40B3-64C7-438F-975F-EADDB6A0FF66}.Debug|x86.ActiveCfg = Debug|Any CPU
		{C5CB40B3-64C7-438F-975F-EADDB6A0FF66}.Debug|x86.Build.0 = Debug|Any CPU
		{C5CB40B3-64C7-438F-975F-EADDB6A0FF66}.Release|Any CPU.ActiveCfg = Release|Any CPU
		{C5CB40B3-64C7-438F-975F-EADDB6A0FF66}.Release|Any CPU.Build.0 = Release|Any CPU
		{C5CB40B3-64C7-438F-975F-EADDB6A0FF66}.Release|x64.ActiveCfg = Release|Any CPU
		{C5CB40B3-64C7-438F-975F-EADDB6A0FF66}.Release|x64.Build.0 = Release|Any CPU
		{C5CB40B3-64C7-438F-975F-EADDB6A0FF66}.Release|x86.ActiveCfg = Release|Any CPU
		{C5CB40B3-64C7-438F-975F-EADDB6A0FF66}.Release|x86.Build.0 = Release|Any CPU
		{3858FAC2-055F-4F30-BDF5-79F8AA96323F}.Debug|Any CPU.ActiveCfg = Debug|Any CPU
		{3858FAC2-055F-4F30-BDF5-79F8AA96323F}.Debug|Any CPU.Build.0 = Debug|Any CPU
		{3858FAC2-055F-4F30-BDF5-79F8AA96323F}.Debug|x64.ActiveCfg = Debug|Any CPU
		{3858FAC2-055F-4F30-BDF5-79F8AA96323F}.Debug|x64.Build.0 = Debug|Any CPU
		{3858FAC2-055F-4F30-BDF5-79F8AA96323F}.Debug|x86.ActiveCfg = Debug|Any CPU
		{3858FAC2-055F-4F30-BDF5-79F8AA96323F}.Debug|x86.Build.0 = Debug|Any CPU
		{3858FAC2-055F-4F30-BDF5-79F8AA96323F}.Release|Any CPU.ActiveCfg = Release|Any CPU
		{3858FAC2-055F-4F30-BDF5-79F8AA96323F}.Release|Any CPU.Build.0 = Release|Any CPU
		{3858FAC2-055F-4F30-BDF5-79F8AA96323F}.Release|x64.ActiveCfg = Release|Any CPU
		{3858FAC2-055F-4F30-BDF5-79F8AA96323F}.Release|x64.Build.0 = Release|Any CPU
		{3858FAC2-055F-4F30-BDF5-79F8AA96323F}.Release|x86.ActiveCfg = Release|Any CPU
		{3858FAC2-055F-4F30-BDF5-79F8AA96323F}.Release|x86.Build.0 = Release|Any CPU
	EndGlobalSection
	GlobalSection(SolutionProperties) = preSolution
		HideSolutionNode = FALSE
	EndGlobalSection
EndGlobal
