
Microsoft Visual Studio Solution File, Format Version 12.00
# Visual Studio Version 17
VisualStudioVersion = 17.0.31903.59
MinimumVisualStudioVersion = 10.0.40219.1
Project("{FAE04EC0-301F-11D3-BF4B-00C04F79EFBC}") = "ONEERP.Shared", "ONEERP.Shared\ONEERP.Shared.csproj", "{F29AB4E1-B283-4B2F-AB5F-08A0CCAA85F3}"
EndProject
Project("{FAE04EC0-301F-11D3-BF4B-00C04F79EFBC}") = "ONEERP.Platform.API", "ONEERP.Platform.API\ONEERP.Platform.API.csproj", "{FD4DCD1F-F6F6-4F6A-B7F5-F6D62B40573C}"
EndProject
Project("{FAE04EC0-301F-11D3-BF4B-00C04F79EFBC}") = "ONEERP.ERP.API", "ONEERP.ERP.API\ONEERP.ERP.API.csproj", "{9F331BC3-2A6A-40F5-84ED-A73D7DF32945}"
EndProject
Global
	GlobalSection(SolutionConfigurationPlatforms) = preSolution
		Debug|Any CPU = Debug|Any CPU
		Debug|x64 = Debug|x64
		Debug|x86 = Debug|x86
		Release|Any CPU = Release|Any CPU
		Release|x64 = Release|x64
		Release|x86 = Release|x86
	EndGlobalSection
	GlobalSection(ProjectConfigurationPlatforms) = postSolution
		{F29AB4E1-B283-4B2F-AB5F-08A0CCAA85F3}.Debug|Any CPU.ActiveCfg = Debug|Any CPU
		{F29AB4E1-B283-4B2F-AB5F-08A0CCAA85F3}.Debug|Any CPU.Build.0 = Debug|Any CPU
		{F29AB4E1-B283-4B2F-AB5F-08A0CCAA85F3}.Debug|x64.ActiveCfg = Debug|Any CPU
		{F29AB4E1-B283-4B2F-AB5F-08A0CCAA85F3}.Debug|x64.Build.0 = Debug|Any CPU
		{F29AB4E1-B283-4B2F-AB5F-08A0CCAA85F3}.Debug|x86.ActiveCfg = Debug|Any CPU
		{F29AB4E1-B283-4B2F-AB5F-08A0CCAA85F3}.Debug|x86.Build.0 = Debug|Any CPU
		{F29AB4E1-B283-4B2F-AB5F-08A0CCAA85F3}.Release|Any CPU.ActiveCfg = Release|Any CPU
		{F29AB4E1-B283-4B2F-AB5F-08A0CCAA85F3}.Release|Any CPU.Build.0 = Release|Any CPU
		{F29AB4E1-B283-4B2F-AB5F-08A0CCAA85F3}.Release|x64.ActiveCfg = Release|Any CPU
		{F29AB4E1-B283-4B2F-AB5F-08A0CCAA85F3}.Release|x64.Build.0 = Release|Any CPU
		{F29AB4E1-B283-4B2F-AB5F-08A0CCAA85F3}.Release|x86.ActiveCfg = Release|Any CPU
		{F29AB4E1-B283-4B2F-AB5F-08A0CCAA85F3}.Release|x86.Build.0 = Release|Any CPU
		{FD4DCD1F-F6F6-4F6A-B7F5-F6D62B40573C}.Debug|Any CPU.ActiveCfg = Debug|Any CPU
		{FD4DCD1F-F6F6-4F6A-B7F5-F6D62B40573C}.Debug|Any CPU.Build.0 = Debug|Any CPU
		{FD4DCD1F-F6F6-4F6A-B7F5-F6D62B40573C}.Debug|x64.ActiveCfg = Debug|Any CPU
		{FD4DCD1F-F6F6-4F6A-B7F5-F6D62B40573C}.Debug|x64.Build.0 = Debug|Any CPU
		{FD4DCD1F-F6F6-4F6A-B7F5-F6D62B40573C}.Debug|x86.ActiveCfg = Debug|Any CPU
		{FD4DCD1F-F6F6-4F6A-B7F5-F6D62B40573C}.Debug|x86.Build.0 = Debug|Any CPU
		{FD4DCD1F-F6F6-4F6A-B7F5-F6D62B40573C}.Release|Any CPU.ActiveCfg = Release|Any CPU
		{FD4DCD1F-F6F6-4F6A-B7F5-F6D62B40573C}.Release|Any CPU.Build.0 = Release|Any CPU
		{FD4DCD1F-F6F6-4F6A-B7F5-F6D62B40573C}.Release|x64.ActiveCfg = Release|Any CPU
		{FD4DCD1F-F6F6-4F6A-B7F5-F6D62B40573C}.Release|x64.Build.0 = Release|Any CPU
		{FD4DCD1F-F6F6-4F6A-B7F5-F6D62B40573C}.Release|x86.ActiveCfg = Release|Any CPU
		{FD4DCD1F-F6F6-4F6A-B7F5-F6D62B40573C}.Release|x86.Build.0 = Release|Any CPU
		{9F331BC3-2A6A-40F5-84ED-A73D7DF32945}.Debug|Any CPU.ActiveCfg = Debug|Any CPU
		{9F331BC3-2A6A-40F5-84ED-A73D7DF32945}.Debug|Any CPU.Build.0 = Debug|Any CPU
		{9F331BC3-2A6A-40F5-84ED-A73D7DF32945}.Debug|x64.ActiveCfg = Debug|Any CPU
		{9F331BC3-2A6A-40F5-84ED-A73D7DF32945}.Debug|x64.Build.0 = Debug|Any CPU
		{9F331BC3-2A6A-40F5-84ED-A73D7DF32945}.Debug|x86.ActiveCfg = Debug|Any CPU
		{9F331BC3-2A6A-40F5-84ED-A73D7DF32945}.Debug|x86.Build.0 = Debug|Any CPU
		{9F331BC3-2A6A-40F5-84ED-A73D7DF32945}.Release|Any CPU.ActiveCfg = Release|Any CPU
		{9F331BC3-2A6A-40F5-84ED-A73D7DF32945}.Release|Any CPU.Build.0 = Release|Any CPU
		{9F331BC3-2A6A-40F5-84ED-A73D7DF32945}.Release|x64.ActiveCfg = Release|Any CPU
		{9F331BC3-2A6A-40F5-84ED-A73D7DF32945}.Release|x64.Build.0 = Release|Any CPU
		{9F331BC3-2A6A-40F5-84ED-A73D7DF32945}.Release|x86.ActiveCfg = Release|Any CPU
		{9F331BC3-2A6A-40F5-84ED-A73D7DF32945}.Release|x86.Build.0 = Release|Any CPU
	EndGlobalSection
	GlobalSection(SolutionProperties) = preSolution
		HideSolutionNode = FALSE
	EndGlobalSection
EndGlobal
